
Microsoft Visual Studio Solution File, Format Version 12.00
# Visual Studio Version 17
VisualStudioVersion = 17.4.33205.214
MinimumVisualStudioVersion = 10.0.40219.1
Project("{FAE04EC0-301F-11D3-BF4B-00C04F79EFBC}") = "Calculator", "Calculator\Calculator.csproj", "{28F85F9E-F846-445B-AF1F-534A812F15EF}"
EndProject
Global
	GlobalSection(SolutionConfigurationPlatforms) = preSolution
		Debug|Any CPU = Debug|Any CPU
		Release|Any CPU = Release|Any CPU
	EndGlobalSection
	GlobalSection(ProjectConfigurationPlatforms) = postSolution
		{28F85F9E-F846-445B-AF1F-534A812F15EF}.Debug|Any CPU.ActiveCfg = Debug|Any CPU
		{28F85F9E-F846-445B-AF1F-534A812F15EF}.Debug|Any CPU.Build.0 = Debug|Any CPU
		{28F85F9E-F846-445B-AF1F-534A812F15EF}.Release|Any CPU.ActiveCfg = Release|Any CPU
		{28F85F9E-F846-445B-AF1F-534A812F15EF}.Release|Any CPU.Build.0 = Release|Any CPU
	EndGlobalSection
	GlobalSection(SolutionProperties) = preSolution
		HideSolutionNode = FALSE
	EndGlobalSection
	GlobalSection(ExtensibilityGlobals) = postSolution
		SolutionGuid = {6510A85B-583E-44F7-AD65-9B15C6869ED1}
	EndGlobalSection
EndGlobal
